
Microsoft Visual Studio Solution File, Format Version 12.00
# Visual Studio Version 16
VisualStudioVersion = 16.0.29001.49
MinimumVisualStudioVersion = 10.0.40219.1
Project("{9A19103F-16F7-4668-BE54-9A1E7A4F7556}") = "TgTranslator", "TgTranslator\TgTranslator.csproj", "{AB1FC16C-122B-4AB9-AD29-FAB88183A6A3}"
EndProject
Global
	GlobalSection(SolutionConfigurationPlatforms) = preSolution
		Debug|Any CPU = Debug|Any CPU
		Release|Any CPU = Release|Any CPU
	EndGlobalSection
	GlobalSection(ProjectConfigurationPlatforms) = postSolution
		{AB1FC16C-122B-4AB9-AD29-FAB88183A6A3}.Debug|Any CPU.ActiveCfg = Debug|Any CPU
		{AB1FC16C-122B-4AB9-AD29-FAB88183A6A3}.Debug|Any CPU.Build.0 = Debug|Any CPU
		{AB1FC16C-122B-4AB9-AD29-FAB88183A6A3}.Release|Any CPU.ActiveCfg = Release|Any CPU
		{AB1FC16C-122B-4AB9-AD29-FAB88183A6A3}.Release|Any CPU.Build.0 = Release|Any CPU
	EndGlobalSection
	GlobalSection(SolutionProperties) = preSolution
		HideSolutionNode = FALSE
	EndGlobalSection
	GlobalSection(ExtensibilityGlobals) = postSolution
		SolutionGuid = {D75FD7D8-5540-4330-877B-D5178472CD89}
	EndGlobalSection
EndGlobal
