
Microsoft Visual Studio Solution File, Format Version 12.00
# Visual Studio Version 16
VisualStudioVersion = 16.0.28917.181
MinimumVisualStudioVersion = 10.0.40219.1
Project("{FAE04EC0-301F-11D3-BF4B-00C04F79EFBC}") = "translathor", "translathor\translathor.csproj", "{C12E230C-55B0-45E1-BA31-FDACFFFB428E}"
EndProject
Global
	GlobalSection(SolutionConfigurationPlatforms) = preSolution
		Debug|Any CPU = Debug|Any CPU
		Release|Any CPU = Release|Any CPU
	EndGlobalSection
	GlobalSection(ProjectConfigurationPlatforms) = postSolution
		{C12E230C-55B0-45E1-BA31-FDACFFFB428E}.Debug|Any CPU.ActiveCfg = Debug|Any CPU
		{C12E230C-55B0-45E1-BA31-FDACFFFB428E}.Debug|Any CPU.Build.0 = Debug|Any CPU
		{C12E230C-55B0-45E1-BA31-FDACFFFB428E}.Release|Any CPU.ActiveCfg = Release|Any CPU
		{C12E230C-55B0-45E1-BA31-FDACFFFB428E}.Release|Any CPU.Build.0 = Release|Any CPU
	EndGlobalSection
	GlobalSection(SolutionProperties) = preSolution
		HideSolutionNode = FALSE
	EndGlobalSection
	GlobalSection(ExtensibilityGlobals) = postSolution
		SolutionGuid = {23899A64-F8DE-4320-9FE4-C9F53DDA86D4}
	EndGlobalSection
EndGlobal
